
Microsoft Visual Studio Solution File, Format Version 12.00
# Visual Studio Version 16
VisualStudioVersion = 16.0.30621.155
MinimumVisualStudioVersion = 10.0.40219.1
Project("{FAE04EC0-301F-11D3-BF4B-00C04F79EFBC}") = "Test", "Test\Test.csproj", "{B07157D7-D38A-47E1-8DBB-E7A63B219303}"
EndProject
Project("{FAE04EC0-301F-11D3-BF4B-00C04F79EFBC}") = "Kaspi_Lab_04", "Kaspi_Lab_04\Kaspi_Lab_04.csproj", "{F3CC0A37-B8F1-496B-B2D0-78C8881A6B03}"
EndProject
Project("{FAE04EC0-301F-11D3-BF4B-00C04F79EFBC}") = "KaspiLab05", "KaspiLab05\KaspiLab05.csproj", "{302AC552-3F22-414E-A73F-27241CEF9EDC}"
EndProject
Project("{FAE04EC0-301F-11D3-BF4B-00C04F79EFBC}") = "MD5_Test", "MD5_Test\MD5_Test.csproj", "{1C50C0BD-E16B-4D63-8B4B-4F3627234029}"
EndProject
Project("{FAE04EC0-301F-11D3-BF4B-00C04F79EFBC}") = "ReflectionTest", "ReflectionTest\ReflectionTest.csproj", "{28F6FE17-F3BA-4C50-932A-8115D40421DE}"
EndProject
Project("{FAE04EC0-301F-11D3-BF4B-00C04F79EFBC}") = "ADO NET TEST", "ADO NET TEST\ADO NET TEST.csproj", "{4F080DD1-56A1-426D-BC69-92A2098DC1C1}"
EndProject
Project("{FAE04EC0-301F-11D3-BF4B-00C04F79EFBC}") = "AdventureWorks2019 Console", "AdventureWorks2019 DB\AdventureWorks2019 Console.csproj", "{451385C9-9241-4414-8C0C-84369761AB21}"
EndProject
Project("{FAE04EC0-301F-11D3-BF4B-00C04F79EFBC}") = "AdventureWorks", "AdventureWorks\AdventureWorks.csproj", "{63D73541-D964-4729-BAC9-BA94E8AF8A43}"
EndProject
Project("{FAE04EC0-301F-11D3-BF4B-00C04F79EFBC}") = "WebStartUp", "WebStartUp\WebStartUp.csproj", "{1853DA8C-660F-49B3-813A-20415A6902C5}"
EndProject
Project("{FAE04EC0-301F-11D3-BF4B-00C04F79EFBC}") = "ManageOrder", "ManageOrder\ManageOrder.csproj", "{886C3A1D-67AF-4360-8582-59BC21A48A21}"
	ProjectSection(ProjectDependencies) = postProject
		{20F1EFB3-50CB-45F3-B050-45C7AB7A903F} = {20F1EFB3-50CB-45F3-B050-45C7AB7A903F}
	EndProjectSection
EndProject
Project("{FAE04EC0-301F-11D3-BF4B-00C04F79EFBC}") = "OrderManager", "OrderManager\OrderManager.csproj", "{20F1EFB3-50CB-45F3-B050-45C7AB7A903F}"
EndProject
Global
	GlobalSection(SolutionConfigurationPlatforms) = preSolution
		Debug|Any CPU = Debug|Any CPU
		Release|Any CPU = Release|Any CPU
	EndGlobalSection
	GlobalSection(ProjectConfigurationPlatforms) = postSolution
		{B07157D7-D38A-47E1-8DBB-E7A63B219303}.Debug|Any CPU.ActiveCfg = Debug|Any CPU
		{B07157D7-D38A-47E1-8DBB-E7A63B219303}.Debug|Any CPU.Build.0 = Debug|Any CPU
		{B07157D7-D38A-47E1-8DBB-E7A63B219303}.Release|Any CPU.ActiveCfg = Release|Any CPU
		{B07157D7-D38A-47E1-8DBB-E7A63B219303}.Release|Any CPU.Build.0 = Release|Any CPU
		{F3CC0A37-B8F1-496B-B2D0-78C8881A6B03}.Debug|Any CPU.ActiveCfg = Debug|Any CPU
		{F3CC0A37-B8F1-496B-B2D0-78C8881A6B03}.Debug|Any CPU.Build.0 = Debug|Any CPU
		{F3CC0A37-B8F1-496B-B2D0-78C8881A6B03}.Release|Any CPU.ActiveCfg = Release|Any CPU
		{F3CC0A37-B8F1-496B-B2D0-78C8881A6B03}.Release|Any CPU.Build.0 = Release|Any CPU
		{302AC552-3F22-414E-A73F-27241CEF9EDC}.Debug|Any CPU.ActiveCfg = Debug|Any CPU
		{302AC552-3F22-414E-A73F-27241CEF9EDC}.Debug|Any CPU.Build.0 = Debug|Any CPU
		{302AC552-3F22-414E-A73F-27241CEF9EDC}.Release|Any CPU.ActiveCfg = Release|Any CPU
		{302AC552-3F22-414E-A73F-27241CEF9EDC}.Release|Any CPU.Build.0 = Release|Any CPU
		{1C50C0BD-E16B-4D63-8B4B-4F3627234029}.Debug|Any CPU.ActiveCfg = Debug|Any CPU
		{1C50C0BD-E16B-4D63-8B4B-4F3627234029}.Debug|Any CPU.Build.0 = Debug|Any CPU
		{1C50C0BD-E16B-4D63-8B4B-4F3627234029}.Release|Any CPU.ActiveCfg = Release|Any CPU
		{1C50C0BD-E16B-4D63-8B4B-4F3627234029}.Release|Any CPU.Build.0 = Release|Any CPU
		{28F6FE17-F3BA-4C50-932A-8115D40421DE}.Debug|Any CPU.ActiveCfg = Debug|Any CPU
		{28F6FE17-F3BA-4C50-932A-8115D40421DE}.Debug|Any CPU.Build.0 = Debug|Any CPU
		{28F6FE17-F3BA-4C50-932A-8115D40421DE}.Release|Any CPU.ActiveCfg = Release|Any CPU
		{28F6FE17-F3BA-4C50-932A-8115D40421DE}.Release|Any CPU.Build.0 = Release|Any CPU
		{4F080DD1-56A1-426D-BC69-92A2098DC1C1}.Debug|Any CPU.ActiveCfg = Debug|Any CPU
		{4F080DD1-56A1-426D-BC69-92A2098DC1C1}.Debug|Any CPU.Build.0 = Debug|Any CPU
		{4F080DD1-56A1-426D-BC69-92A2098DC1C1}.Release|Any CPU.ActiveCfg = Release|Any CPU
		{4F080DD1-56A1-426D-BC69-92A2098DC1C1}.Release|Any CPU.Build.0 = Release|Any CPU
		{451385C9-9241-4414-8C0C-84369761AB21}.Debug|Any CPU.ActiveCfg = Debug|Any CPU
		{451385C9-9241-4414-8C0C-84369761AB21}.Debug|Any CPU.Build.0 = Debug|Any CPU
		{451385C9-9241-4414-8C0C-84369761AB21}.Release|Any CPU.ActiveCfg = Release|Any CPU
		{451385C9-9241-4414-8C0C-84369761AB21}.Release|Any CPU.Build.0 = Release|Any CPU
		{63D73541-D964-4729-BAC9-BA94E8AF8A43}.Debug|Any CPU.ActiveCfg = Debug|Any CPU
		{63D73541-D964-4729-BAC9-BA94E8AF8A43}.Debug|Any CPU.Build.0 = Debug|Any CPU
		{63D73541-D964-4729-BAC9-BA94E8AF8A43}.Release|Any CPU.ActiveCfg = Release|Any CPU
		{63D73541-D964-4729-BAC9-BA94E8AF8A43}.Release|Any CPU.Build.0 = Release|Any CPU
		{1853DA8C-660F-49B3-813A-20415A6902C5}.Debug|Any CPU.ActiveCfg = Debug|Any CPU
		{1853DA8C-660F-49B3-813A-20415A6902C5}.Debug|Any CPU.Build.0 = Debug|Any CPU
		{1853DA8C-660F-49B3-813A-20415A6902C5}.Release|Any CPU.ActiveCfg = Release|Any CPU
		{1853DA8C-660F-49B3-813A-20415A6902C5}.Release|Any CPU.Build.0 = Release|Any CPU
		{886C3A1D-67AF-4360-8582-59BC21A48A21}.Debug|Any CPU.ActiveCfg = Debug|Any CPU
		{886C3A1D-67AF-4360-8582-59BC21A48A21}.Debug|Any CPU.Build.0 = Debug|Any CPU
		{886C3A1D-67AF-4360-8582-59BC21A48A21}.Release|Any CPU.ActiveCfg = Release|Any CPU
		{886C3A1D-67AF-4360-8582-59BC21A48A21}.Release|Any CPU.Build.0 = Release|Any CPU
		{20F1EFB3-50CB-45F3-B050-45C7AB7A903F}.Debug|Any CPU.ActiveCfg = Debug|Any CPU
		{20F1EFB3-50CB-45F3-B050-45C7AB7A903F}.Debug|Any CPU.Build.0 = Debug|Any CPU
		{20F1EFB3-50CB-45F3-B050-45C7AB7A903F}.Release|Any CPU.ActiveCfg = Release|Any CPU
		{20F1EFB3-50CB-45F3-B050-45C7AB7A903F}.Release|Any CPU.Build.0 = Release|Any CPU
	EndGlobalSection
	GlobalSection(SolutionProperties) = preSolution
		HideSolutionNode = FALSE
	EndGlobalSection
	GlobalSection(ExtensibilityGlobals) = postSolution
		SolutionGuid = {5D6424EF-F698-4067-A6A7-A6F6B3F0CA64}
	EndGlobalSection
EndGlobal
